{
	"name": "@sugarcube/plugin-tap",
	"version": "0.13.1",
	"lockfileVersion": 1,
	"requires": true,
	"dependencies": {
		"lodash": {
			"version": "4.17.4",
			"resolved": "https://registry.npmjs.org/lodash/-/lodash-4.17.4.tgz",
			"integrity": "sha1-eCA6TRwyiuHYbcpkYONptX9AVa4="
		},
		"pify": {
			"version": "3.0.0",
			"resolved": "https://registry.npmjs.org/pify/-/pify-3.0.0.tgz",
			"integrity": "sha1-5aSs0sEB/fPZpNB/DbxNtJ3SgXY="
		}
	}
}
