{
	"name": "@sugarcube/plugin-test",
	"version": "0.18.0",
	"lockfileVersion": 1,
	"requires": true,
	"dependencies": {
		"dashp": {
			"version": "0.10.1",
			"resolved": "https://registry.npmjs.org/dashp/-/dashp-0.10.1.tgz",
			"integrity": "sha512-0ZjKfCJJY+tNtbDatzlmtBWNkuLGiacuWxiFn9qRNa3ZNzFDGssCv4DFp9Rsi/ofKNKQdlijkkE3ZrQ12XHVpA=="
		},
		"lodash": {
			"version": "4.17.5",
			"resolved": "https://registry.npmjs.org/lodash/-/lodash-4.17.5.tgz",
			"integrity": "sha512-svL3uiZf1RwhH+cWrfZn3A4+U58wbP0tGVTLQPbjplZxZ8ROD9VLuNgsRniTlLe7OlSqR79RUehXgpBW/s0IQw=="
		}
	}
}
