{
  "name": "@sugarcube/test",
  "version": "0.24.0",
  "lockfileVersion": 1,
  "requires": true,
  "dependencies": {
    "jsverify": {
      "version": "0.8.3",
      "resolved": "https://registry.npmjs.org/jsverify/-/jsverify-0.8.3.tgz",
      "integrity": "sha1-AukXjhkktar5WcAjmvhO1cbQc4w=",
      "requires": {
        "lazy-seq": "^1.0.0",
        "rc4": "~0.1.5",
        "trampa": "^1.0.0",
        "typify-parser": "^1.1.0"
      }
    },
    "lazy-seq": {
      "version": "1.0.0",
      "resolved": "https://registry.npmjs.org/lazy-seq/-/lazy-seq-1.0.0.tgz",
      "integrity": "sha1-iAy4qrJWAmOC4C9T7AiWgqdMW2o="
    },
    "lodash": {
      "version": "4.17.5",
      "resolved": "https://registry.npmjs.org/lodash/-/lodash-4.17.5.tgz",
      "integrity": "sha512-svL3uiZf1RwhH+cWrfZn3A4+U58wbP0tGVTLQPbjplZxZ8ROD9VLuNgsRniTlLe7OlSqR79RUehXgpBW/s0IQw=="
    },
    "rc4": {
      "version": "0.1.5",
      "resolved": "https://registry.npmjs.org/rc4/-/rc4-0.1.5.tgz",
      "integrity": "sha1-CMbgSgFo9utiHCKrbLEVG9n0pk0="
    },
    "trampa": {
      "version": "1.0.0",
      "resolved": "https://registry.npmjs.org/trampa/-/trampa-1.0.0.tgz",
      "integrity": "sha1-Ukc0esM0gH+mwAAERMuRtjmECtU="
    },
    "typify-parser": {
      "version": "1.1.0",
      "resolved": "https://registry.npmjs.org/typify-parser/-/typify-parser-1.1.0.tgz",
      "integrity": "sha1-rHO/pfJTQ0aOLQ8zRsYRe8A9PJk="
    }
  }
}
