{
	"name": "@sugarcube/plugin-tika",
	"version": "0.17.0",
	"lockfileVersion": 1,
	"requires": true,
	"dependencies": {
		"async": {
			"version": "2.6.1",
			"resolved": "https://registry.npmjs.org/async/-/async-2.6.1.tgz",
			"integrity": "sha512-fNEiL2+AZt6AlAw/29Cr0UDe4sRAHCpEHh54WMz+Bb7QfNcFw4h3loofyJpLeQs4Yx7yuqu/2dLgM5hKOs6HlQ==",
			"requires": {
				"lodash": "^4.17.10"
			},
			"dependencies": {
				"lodash": {
					"version": "4.17.11",
					"resolved": "https://registry.npmjs.org/lodash/-/lodash-4.17.11.tgz",
					"integrity": "sha512-cQKh8igo5QUhZ7lg38DYWAxMvjSAKG0A8wGSVimP07SIUEK2UO+arSRKbRZWtelMtN5V0Hkwh5ryOto/SshYIg=="
				}
			}
		},
		"balanced-match": {
			"version": "1.0.0",
			"resolved": "https://registry.npmjs.org/balanced-match/-/balanced-match-1.0.0.tgz",
			"integrity": "sha1-ibTRmasr7kneFk6gK4nORi1xt2c="
		},
		"brace-expansion": {
			"version": "1.1.11",
			"resolved": "https://registry.npmjs.org/brace-expansion/-/brace-expansion-1.1.11.tgz",
			"integrity": "sha512-iCuPHDFgrHX7H2vEI/5xpz07zSHB00TpugqhmYtVmMO6518mCuRMoOYFldEBl0g187ufozdaHgWKcYFb61qGiA==",
			"requires": {
				"balanced-match": "^1.0.0",
				"concat-map": "0.0.1"
			}
		},
		"concat-map": {
			"version": "0.0.1",
			"resolved": "https://registry.npmjs.org/concat-map/-/concat-map-0.0.1.tgz",
			"integrity": "sha1-2Klr13/Wjfd5OnMDajug1UBdR3s="
		},
		"dashp": {
			"version": "0.10.1",
			"resolved": "https://registry.npmjs.org/dashp/-/dashp-0.10.1.tgz",
			"integrity": "sha512-0ZjKfCJJY+tNtbDatzlmtBWNkuLGiacuWxiFn9qRNa3ZNzFDGssCv4DFp9Rsi/ofKNKQdlijkkE3ZrQ12XHVpA=="
		},
		"find-java-home": {
			"version": "0.2.0",
			"resolved": "https://registry.npmjs.org/find-java-home/-/find-java-home-0.2.0.tgz",
			"integrity": "sha512-nq5PFOHxE1VSEbdDVkLoA2bAcRnG4ETqJO8ipFq3glIWA52hdWCXYX3emuUyMAQfaqFU4Ea85gqcgaPmOApEPA==",
			"requires": {
				"which": "~1.0.5",
				"winreg": "~1.2.2"
			}
		},
		"fs.realpath": {
			"version": "1.0.0",
			"resolved": "https://registry.npmjs.org/fs.realpath/-/fs.realpath-1.0.0.tgz",
			"integrity": "sha1-FQStJSMVjKpA20onh8sBQRmU6k8="
		},
		"glob": {
			"version": "7.1.3",
			"resolved": "https://registry.npmjs.org/glob/-/glob-7.1.3.tgz",
			"integrity": "sha512-vcfuiIxogLV4DlGBHIUOwI0IbrJ8HWPc4MU7HzviGeNho/UJDfi6B5p3sHeWIQ0KGIU0Jpxi5ZHxemQfLkkAwQ==",
			"requires": {
				"fs.realpath": "^1.0.0",
				"inflight": "^1.0.4",
				"inherits": "2",
				"minimatch": "^3.0.4",
				"once": "^1.3.0",
				"path-is-absolute": "^1.0.0"
			}
		},
		"inflight": {
			"version": "1.0.6",
			"resolved": "https://registry.npmjs.org/inflight/-/inflight-1.0.6.tgz",
			"integrity": "sha1-Sb1jMdfQLQwJvJEKEHW6gWW1bfk=",
			"requires": {
				"once": "^1.3.0",
				"wrappy": "1"
			}
		},
		"inherits": {
			"version": "2.0.3",
			"resolved": "https://registry.npmjs.org/inherits/-/inherits-2.0.3.tgz",
			"integrity": "sha1-Yzwsg+PaQqUC9SRmAiSA9CCCYd4="
		},
		"java": {
			"version": "0.11.0",
			"resolved": "https://registry.npmjs.org/java/-/java-0.11.0.tgz",
			"integrity": "sha512-RIx44OqCMRMcAcPIF4htuw1QESuZyopDWYZ40pUIfbpfwUUROLT1JyK5/4XYWA2HuW0NuUtRmhuzZ1znDqsuaQ==",
			"requires": {
				"async": "2.6.1",
				"find-java-home": "0.2.0",
				"glob": "7.1.3",
				"lodash": "4.17.11",
				"nan": "2.11.1"
			},
			"dependencies": {
				"lodash": {
					"version": "4.17.11",
					"resolved": "https://registry.npmjs.org/lodash/-/lodash-4.17.11.tgz",
					"integrity": "sha512-cQKh8igo5QUhZ7lg38DYWAxMvjSAKG0A8wGSVimP07SIUEK2UO+arSRKbRZWtelMtN5V0Hkwh5ryOto/SshYIg=="
				}
			}
		},
		"lodash": {
			"version": "4.17.4",
			"resolved": "https://registry.npmjs.org/lodash/-/lodash-4.17.4.tgz",
			"integrity": "sha1-eCA6TRwyiuHYbcpkYONptX9AVa4="
		},
		"minimatch": {
			"version": "3.0.4",
			"resolved": "https://registry.npmjs.org/minimatch/-/minimatch-3.0.4.tgz",
			"integrity": "sha512-yJHVQEhyqPLUTgt9B83PXu6W3rx4MvvHvSUvToogpwoGDOUQ+yDrR0HRot+yOCdCO7u4hX3pWft6kWBBcqh0UA==",
			"requires": {
				"brace-expansion": "^1.1.7"
			}
		},
		"moment": {
			"version": "2.20.1",
			"resolved": "https://registry.npmjs.org/moment/-/moment-2.20.1.tgz",
			"integrity": "sha512-Yh9y73JRljxW5QxN08Fner68eFLxM5ynNOAw2LbIB1YAGeQzZT8QFSUvkAz609Zf+IHhhaUxqZK8dG3W/+HEvg=="
		},
		"nan": {
			"version": "2.11.1",
			"resolved": "https://registry.npmjs.org/nan/-/nan-2.11.1.tgz",
			"integrity": "sha512-iji6k87OSXa0CcrLl9z+ZiYSuR2o+c0bGuNmXdrhTQTakxytAFsC56SArGYoiHlJlFoHSnvmhpceZJaXkVuOtA=="
		},
		"once": {
			"version": "1.4.0",
			"resolved": "https://registry.npmjs.org/once/-/once-1.4.0.tgz",
			"integrity": "sha1-WDsap3WWHUsROsF9nFC6753Xa9E=",
			"requires": {
				"wrappy": "1"
			}
		},
		"path-is-absolute": {
			"version": "1.0.1",
			"resolved": "http://registry.npmjs.org/path-is-absolute/-/path-is-absolute-1.0.1.tgz",
			"integrity": "sha1-F0uSaHNVNP+8es5r9TpanhtcX18="
		},
		"tika": {
			"version": "github:critocrito/node-tika#21ef748e15359d9db547774920b81c96626bf389",
			"from": "github:critocrito/node-tika#forked-master",
			"requires": {
				"java": "~0.11.0"
			}
		},
		"which": {
			"version": "1.0.9",
			"resolved": "https://registry.npmjs.org/which/-/which-1.0.9.tgz",
			"integrity": "sha1-RgwdoPgQED0DIam2M6+eV15kSG8="
		},
		"winreg": {
			"version": "1.2.4",
			"resolved": "https://registry.npmjs.org/winreg/-/winreg-1.2.4.tgz",
			"integrity": "sha1-ugZWKbepJRMOFXeRCM9UCZDpjRs="
		},
		"wrappy": {
			"version": "1.0.2",
			"resolved": "https://registry.npmjs.org/wrappy/-/wrappy-1.0.2.tgz",
			"integrity": "sha1-tSQ9jz7BqjXxNkYFvA0QNuMKtp8="
		}
	}
}
