{
	"name": "@sugarcube/core",
	"version": "0.18.0",
	"lockfileVersion": 1,
	"requires": true,
	"dependencies": {
		"baconjs": {
			"version": "0.7.95",
			"resolved": "https://registry.npmjs.org/baconjs/-/baconjs-0.7.95.tgz",
			"integrity": "sha512-3qp0GuAfEUlJybSVPQ2oai8VYO0aSTJf4wP/jYZpgaffEXi31VBcqSlVmD8ahmXXGzgdO+yFk9onDnt2ZJJXxA=="
		},
		"dashp": {
			"version": "0.10.1",
			"resolved": "https://registry.npmjs.org/dashp/-/dashp-0.10.1.tgz",
			"integrity": "sha512-0ZjKfCJJY+tNtbDatzlmtBWNkuLGiacuWxiFn9qRNa3ZNzFDGssCv4DFp9Rsi/ofKNKQdlijkkE3ZrQ12XHVpA=="
		},
		"lodash": {
			"version": "4.17.4",
			"resolved": "https://registry.npmjs.org/lodash/-/lodash-4.17.4.tgz",
			"integrity": "sha1-eCA6TRwyiuHYbcpkYONptX9AVa4="
		}
	}
}
