{
	"name": "@sugarcube/core",
	"version": "0.1.0",
	"lockfileVersion": 1,
	"requires": true,
	"dependencies": {
		"assertion-error": {
			"version": "1.0.2",
			"resolved": "https://registry.npmjs.org/assertion-error/-/assertion-error-1.0.2.tgz",
			"integrity": "sha1-E8pRXYYgbaC6xm6DTdOX2HWBCUw=",
			"dev": true
		},
		"async": {
			"version": "1.0.0",
			"resolved": "https://registry.npmjs.org/async/-/async-1.0.0.tgz",
			"integrity": "sha1-+PwEyjoTeErenhZBr5hXjPvWR6k=",
			"dev": true
		},
		"baconjs": {
			"version": "0.7.95",
			"resolved": "https://registry.npmjs.org/baconjs/-/baconjs-0.7.95.tgz",
			"integrity": "sha512-3qp0GuAfEUlJybSVPQ2oai8VYO0aSTJf4wP/jYZpgaffEXi31VBcqSlVmD8ahmXXGzgdO+yFk9onDnt2ZJJXxA=="
		},
		"balanced-match": {
			"version": "1.0.0",
			"resolved": "https://registry.npmjs.org/balanced-match/-/balanced-match-1.0.0.tgz",
			"integrity": "sha1-ibTRmasr7kneFk6gK4nORi1xt2c="
		},
		"bluebird": {
			"version": "3.5.0",
			"resolved": "https://registry.npmjs.org/bluebird/-/bluebird-3.5.0.tgz",
			"integrity": "sha1-eRQg1/VR7qKJdFOop3ZT+WYG1nw="
		},
		"brace-expansion": {
			"version": "1.1.8",
			"resolved": "https://registry.npmjs.org/brace-expansion/-/brace-expansion-1.1.8.tgz",
			"integrity": "sha1-wHshHHyVLsH479Uad+8NHTmQopI=",
			"requires": {
				"balanced-match": "1.0.0",
				"concat-map": "0.0.1"
			}
		},
		"build": {
			"version": "0.1.4",
			"resolved": "https://registry.npmjs.org/build/-/build-0.1.4.tgz",
			"integrity": "sha1-cH/gJv/O3crL/c3zVur9pk8VEEY=",
			"dev": true,
			"requires": {
				"cssmin": "0.3.2",
				"jsmin": "1.0.1",
				"jxLoader": "0.1.1",
				"moo-server": "1.3.0",
				"promised-io": "0.3.5",
				"timespan": "2.3.0",
				"uglify-js": "1.3.5",
				"walker": "1.0.7",
				"winston": "2.4.0",
				"wrench": "1.3.9"
			}
		},
		"chai": {
			"version": "4.1.2",
			"resolved": "https://registry.npmjs.org/chai/-/chai-4.1.2.tgz",
			"integrity": "sha1-D2RYS6ZC8PKs4oBiefTwbKI61zw=",
			"dev": true,
			"requires": {
				"assertion-error": "1.0.2",
				"check-error": "1.0.2",
				"deep-eql": "3.0.1",
				"get-func-name": "2.0.0",
				"pathval": "1.1.0",
				"type-detect": "4.0.3"
			}
		},
		"chai-as-promised": {
			"version": "7.1.1",
			"resolved": "https://registry.npmjs.org/chai-as-promised/-/chai-as-promised-7.1.1.tgz",
			"integrity": "sha512-azL6xMoi+uxu6z4rhWQ1jbdUhOMhis2PvscD/xjLqNMkv3BPPp2JyyuTHOrf9BOosGpNQ11v6BKv/g57RXbiaA==",
			"dev": true,
			"requires": {
				"check-error": "1.0.2"
			}
		},
		"check-error": {
			"version": "1.0.2",
			"resolved": "https://registry.npmjs.org/check-error/-/check-error-1.0.2.tgz",
			"integrity": "sha1-V00xLt2Iu13YkS6Sht1sCu1KrII=",
			"dev": true
		},
		"colors": {
			"version": "1.0.3",
			"resolved": "https://registry.npmjs.org/colors/-/colors-1.0.3.tgz",
			"integrity": "sha1-BDP0TYCWgP3rYO0mDxsMJi6CpAs=",
			"dev": true
		},
		"combinators-p": {
			"version": "0.5.1",
			"resolved": "https://registry.npmjs.org/combinators-p/-/combinators-p-0.5.1.tgz",
			"integrity": "sha512-5ydL6hQwNtv/feYGtza6AcyIZ8Db4ihSIXDIoKGS6jnvj2d4YDilSERw8ucD4einiDwDTc1QSjjTmemnjLFQJA=="
		},
		"concat-map": {
			"version": "0.0.1",
			"resolved": "https://registry.npmjs.org/concat-map/-/concat-map-0.0.1.tgz",
			"integrity": "sha1-2Klr13/Wjfd5OnMDajug1UBdR3s="
		},
		"cssmin": {
			"version": "0.3.2",
			"resolved": "https://registry.npmjs.org/cssmin/-/cssmin-0.3.2.tgz",
			"integrity": "sha1-3c5MVHtRCuDVlKjx+/iq+OLFwA0=",
			"dev": true
		},
		"cycle": {
			"version": "1.0.3",
			"resolved": "https://registry.npmjs.org/cycle/-/cycle-1.0.3.tgz",
			"integrity": "sha1-IegLK+hYD5i0aPN5QwZisEbDStI=",
			"dev": true
		},
		"deep-eql": {
			"version": "3.0.1",
			"resolved": "https://registry.npmjs.org/deep-eql/-/deep-eql-3.0.1.tgz",
			"integrity": "sha512-+QeIQyN5ZuO+3Uk5DYh6/1eKO0m0YmJFGNmFHGACpf1ClL1nmlV/p4gNgbl2pJGxgXb4faqo6UE+M5ACEMyVcw==",
			"dev": true,
			"requires": {
				"type-detect": "4.0.3"
			}
		},
		"diff": {
			"version": "3.4.0",
			"resolved": "https://registry.npmjs.org/diff/-/diff-3.4.0.tgz",
			"integrity": "sha512-QpVuMTEoJMF7cKzi6bvWhRulU1fZqZnvyVQgNhPaxxuTYwyjn/j1v9falseQ/uXWwPnO56RBfwtg4h/EQXmucA==",
			"dev": true
		},
		"eyes": {
			"version": "0.1.8",
			"resolved": "https://registry.npmjs.org/eyes/-/eyes-0.1.8.tgz",
			"integrity": "sha1-Ys8SAjTGg3hdkCNIqADvPgzCC8A=",
			"dev": true
		},
		"formatio": {
			"version": "1.2.0",
			"resolved": "https://registry.npmjs.org/formatio/-/formatio-1.2.0.tgz",
			"integrity": "sha1-87IWfZBoxGmKjVH092CjmlTYGOs=",
			"dev": true,
			"requires": {
				"samsam": "1.3.0"
			}
		},
		"fs.realpath": {
			"version": "1.0.0",
			"resolved": "https://registry.npmjs.org/fs.realpath/-/fs.realpath-1.0.0.tgz",
			"integrity": "sha1-FQStJSMVjKpA20onh8sBQRmU6k8="
		},
		"get-func-name": {
			"version": "2.0.0",
			"resolved": "https://registry.npmjs.org/get-func-name/-/get-func-name-2.0.0.tgz",
			"integrity": "sha1-6td0q+5y4gQJQzoGY2YCPdaIekE=",
			"dev": true
		},
		"glob": {
			"version": "7.1.2",
			"resolved": "https://registry.npmjs.org/glob/-/glob-7.1.2.tgz",
			"integrity": "sha512-MJTUg1kjuLeQCJ+ccE4Vpa6kKVXkPYJ2mOCQyUuKLcLQsdrMCpBPUi8qVE6+YuaJkozeA9NusTAw3hLr8Xe5EQ==",
			"requires": {
				"fs.realpath": "1.0.0",
				"inflight": "1.0.6",
				"inherits": "2.0.3",
				"minimatch": "3.0.4",
				"once": "1.4.0",
				"path-is-absolute": "1.0.1"
			}
		},
		"inflight": {
			"version": "1.0.6",
			"resolved": "https://registry.npmjs.org/inflight/-/inflight-1.0.6.tgz",
			"integrity": "sha1-Sb1jMdfQLQwJvJEKEHW6gWW1bfk=",
			"requires": {
				"once": "1.4.0",
				"wrappy": "1.0.2"
			}
		},
		"inherits": {
			"version": "2.0.3",
			"resolved": "https://registry.npmjs.org/inherits/-/inherits-2.0.3.tgz",
			"integrity": "sha1-Yzwsg+PaQqUC9SRmAiSA9CCCYd4="
		},
		"isarray": {
			"version": "0.0.1",
			"resolved": "https://registry.npmjs.org/isarray/-/isarray-0.0.1.tgz",
			"integrity": "sha1-ihis/Kmo9Bd+Cav8YDiTmwXR7t8=",
			"dev": true
		},
		"isstream": {
			"version": "0.1.2",
			"resolved": "https://registry.npmjs.org/isstream/-/isstream-0.1.2.tgz",
			"integrity": "sha1-R+Y/evVa+m+S4VAOaQ64uFKcCZo=",
			"dev": true
		},
		"js-yaml": {
			"version": "0.3.7",
			"resolved": "https://registry.npmjs.org/js-yaml/-/js-yaml-0.3.7.tgz",
			"integrity": "sha1-1znY7oZGHlSzVNan19HyrZoWf2I=",
			"dev": true
		},
		"jsmin": {
			"version": "1.0.1",
			"resolved": "https://registry.npmjs.org/jsmin/-/jsmin-1.0.1.tgz",
			"integrity": "sha1-570NzWSWw79IYyNb9GGj2YqjuYw=",
			"dev": true
		},
		"jsverify": {
			"version": "0.7.5",
			"resolved": "https://registry.npmjs.org/jsverify/-/jsverify-0.7.5.tgz",
			"integrity": "sha1-DHGBrMGi6IvgI9qhEvBHTY720tw=",
			"requires": {
				"lazy-seq": "1.0.0",
				"rc4": "0.1.5",
				"trampa": "1.0.0",
				"typify-parser": "1.1.0"
			}
		},
		"just-extend": {
			"version": "1.1.22",
			"resolved": "https://registry.npmjs.org/just-extend/-/just-extend-1.1.22.tgz",
			"integrity": "sha1-MzCvdWyralQnAMZLLk5KoGLVL/8=",
			"dev": true
		},
		"jxLoader": {
			"version": "0.1.1",
			"resolved": "https://registry.npmjs.org/jxLoader/-/jxLoader-0.1.1.tgz",
			"integrity": "sha1-ATTqUUTlM7WU/B/yX/GU4jXFPs0=",
			"dev": true,
			"requires": {
				"js-yaml": "0.3.7",
				"moo-server": "1.3.0",
				"promised-io": "0.3.5",
				"walker": "1.0.7"
			}
		},
		"lazy-seq": {
			"version": "1.0.0",
			"resolved": "https://registry.npmjs.org/lazy-seq/-/lazy-seq-1.0.0.tgz",
			"integrity": "sha1-iAy4qrJWAmOC4C9T7AiWgqdMW2o="
		},
		"lodash": {
			"version": "4.17.4",
			"resolved": "https://registry.npmjs.org/lodash/-/lodash-4.17.4.tgz",
			"integrity": "sha1-eCA6TRwyiuHYbcpkYONptX9AVa4="
		},
		"lodash.get": {
			"version": "4.4.2",
			"resolved": "https://registry.npmjs.org/lodash.get/-/lodash.get-4.4.2.tgz",
			"integrity": "sha1-LRd/ZS+jHpObRDjVNBSZ36OCXpk=",
			"dev": true
		},
		"lolex": {
			"version": "2.1.3",
			"resolved": "https://registry.npmjs.org/lolex/-/lolex-2.1.3.tgz",
			"integrity": "sha512-BdHq78SeI+6PAUtl4atDuCt7L6E4fab3mSRtqxm4ywaXe4uP7jZ0TTcFNuU20syUjxZc2l7jFqKVMJ+AX0LnpQ==",
			"dev": true
		},
		"makeerror": {
			"version": "1.0.11",
			"resolved": "https://registry.npmjs.org/makeerror/-/makeerror-1.0.11.tgz",
			"integrity": "sha1-4BpckQnyr3lmDk6LlYd5AYT1qWw=",
			"dev": true,
			"requires": {
				"tmpl": "1.0.4"
			}
		},
		"minimatch": {
			"version": "3.0.4",
			"resolved": "https://registry.npmjs.org/minimatch/-/minimatch-3.0.4.tgz",
			"integrity": "sha512-yJHVQEhyqPLUTgt9B83PXu6W3rx4MvvHvSUvToogpwoGDOUQ+yDrR0HRot+yOCdCO7u4hX3pWft6kWBBcqh0UA==",
			"requires": {
				"brace-expansion": "1.1.8"
			}
		},
		"moment": {
			"version": "2.18.1",
			"resolved": "https://registry.npmjs.org/moment/-/moment-2.18.1.tgz",
			"integrity": "sha1-w2GT3Tzhwu7SrbfIAtu8d6gbHA8="
		},
		"moo-server": {
			"version": "1.3.0",
			"resolved": "https://registry.npmjs.org/moo-server/-/moo-server-1.3.0.tgz",
			"integrity": "sha1-XceVaVZaENbv7VQ5SR5p0jkuWPE=",
			"dev": true
		},
		"native-promise-only": {
			"version": "0.8.1",
			"resolved": "https://registry.npmjs.org/native-promise-only/-/native-promise-only-0.8.1.tgz",
			"integrity": "sha1-IKMYwwy0X3H+et+/eyHJnBRy7xE=",
			"dev": true
		},
		"nise": {
			"version": "1.1.1",
			"resolved": "https://registry.npmjs.org/nise/-/nise-1.1.1.tgz",
			"integrity": "sha512-f5DMJB0MqBaSuP2NAwPx7HyVKPdaozds0KsNe9XIP3npKWt/QUg73l5TTLRTSwfG/Y3AB0ktacuxX4QNcg6vVw==",
			"dev": true,
			"requires": {
				"formatio": "1.2.0",
				"just-extend": "1.1.22",
				"lolex": "1.6.0",
				"path-to-regexp": "1.7.0",
				"text-encoding": "0.6.4"
			},
			"dependencies": {
				"lolex": {
					"version": "1.6.0",
					"resolved": "https://registry.npmjs.org/lolex/-/lolex-1.6.0.tgz",
					"integrity": "sha1-OpoCg0UqR9dDnnJzG54H1zhuSfY=",
					"dev": true
				}
			}
		},
		"once": {
			"version": "1.4.0",
			"resolved": "https://registry.npmjs.org/once/-/once-1.4.0.tgz",
			"integrity": "sha1-WDsap3WWHUsROsF9nFC6753Xa9E=",
			"requires": {
				"wrappy": "1.0.2"
			}
		},
		"path-is-absolute": {
			"version": "1.0.1",
			"resolved": "https://registry.npmjs.org/path-is-absolute/-/path-is-absolute-1.0.1.tgz",
			"integrity": "sha1-F0uSaHNVNP+8es5r9TpanhtcX18="
		},
		"path-to-regexp": {
			"version": "1.7.0",
			"resolved": "https://registry.npmjs.org/path-to-regexp/-/path-to-regexp-1.7.0.tgz",
			"integrity": "sha1-Wf3g9DW62suhA6hOnTvGTpa5k30=",
			"dev": true,
			"requires": {
				"isarray": "0.0.1"
			}
		},
		"pathval": {
			"version": "1.1.0",
			"resolved": "https://registry.npmjs.org/pathval/-/pathval-1.1.0.tgz",
			"integrity": "sha1-uULm1L3mUwBe9rcTYd74cn0GReA=",
			"dev": true
		},
		"promised-io": {
			"version": "0.3.5",
			"resolved": "https://registry.npmjs.org/promised-io/-/promised-io-0.3.5.tgz",
			"integrity": "sha1-StIXuzZYvKrplGsXqGaOzYUeE1Y=",
			"dev": true
		},
		"rc4": {
			"version": "0.1.5",
			"resolved": "https://registry.npmjs.org/rc4/-/rc4-0.1.5.tgz",
			"integrity": "sha1-CMbgSgFo9utiHCKrbLEVG9n0pk0="
		},
		"samsam": {
			"version": "1.3.0",
			"resolved": "https://registry.npmjs.org/samsam/-/samsam-1.3.0.tgz",
			"integrity": "sha512-1HwIYD/8UlOtFS3QO3w7ey+SdSDFE4HRNLZoZRYVQefrOY3l17epswImeB1ijgJFQJodIaHcwkp3r/myBjFVbg==",
			"dev": true
		},
		"shortid": {
			"version": "2.2.8",
			"resolved": "https://registry.npmjs.org/shortid/-/shortid-2.2.8.tgz",
			"integrity": "sha1-AzsRfWoul1gE9vCWnb59PQs1UTE="
		},
		"sinon": {
			"version": "3.3.0",
			"resolved": "https://registry.npmjs.org/sinon/-/sinon-3.3.0.tgz",
			"integrity": "sha512-/flfGfIxIRXSvZBHJzIf3iAyGYkmMQq6SQjA0cx9SOuVuq+4ZPPO4LJtH1Ce0Lznax1KSG1U6Dad85wIcSW19w==",
			"dev": true,
			"requires": {
				"build": "0.1.4",
				"diff": "3.4.0",
				"formatio": "1.2.0",
				"lodash.get": "4.4.2",
				"lolex": "2.1.3",
				"native-promise-only": "0.8.1",
				"nise": "1.1.1",
				"path-to-regexp": "1.7.0",
				"samsam": "1.3.0",
				"text-encoding": "0.6.4",
				"type-detect": "4.0.3"
			}
		},
		"stack-trace": {
			"version": "0.0.10",
			"resolved": "https://registry.npmjs.org/stack-trace/-/stack-trace-0.0.10.tgz",
			"integrity": "sha1-VHxws0fo0ytOEI6hoqFZ5f3eGcA=",
			"dev": true
		},
		"text-encoding": {
			"version": "0.6.4",
			"resolved": "https://registry.npmjs.org/text-encoding/-/text-encoding-0.6.4.tgz",
			"integrity": "sha1-45mpgiV6J22uQou5KEXLcb3CbRk=",
			"dev": true
		},
		"timespan": {
			"version": "2.3.0",
			"resolved": "https://registry.npmjs.org/timespan/-/timespan-2.3.0.tgz",
			"integrity": "sha1-SQLOBAvRPYRcj1myfp1ZutbzmSk=",
			"dev": true
		},
		"tmpl": {
			"version": "1.0.4",
			"resolved": "https://registry.npmjs.org/tmpl/-/tmpl-1.0.4.tgz",
			"integrity": "sha1-I2QN17QtAEM5ERQIIOXPRA5SHdE=",
			"dev": true
		},
		"trampa": {
			"version": "1.0.0",
			"resolved": "https://registry.npmjs.org/trampa/-/trampa-1.0.0.tgz",
			"integrity": "sha1-Ukc0esM0gH+mwAAERMuRtjmECtU="
		},
		"type-detect": {
			"version": "4.0.3",
			"resolved": "https://registry.npmjs.org/type-detect/-/type-detect-4.0.3.tgz",
			"integrity": "sha1-Dj8mcLRAmbC0bChNE2p+9Jx0wuo=",
			"dev": true
		},
		"typify-parser": {
			"version": "1.1.0",
			"resolved": "https://registry.npmjs.org/typify-parser/-/typify-parser-1.1.0.tgz",
			"integrity": "sha1-rHO/pfJTQ0aOLQ8zRsYRe8A9PJk="
		},
		"uglify-js": {
			"version": "1.3.5",
			"resolved": "https://registry.npmjs.org/uglify-js/-/uglify-js-1.3.5.tgz",
			"integrity": "sha1-S1v/+Rhu/7qoiOTJ6UvZ/EyUkp0=",
			"dev": true
		},
		"walker": {
			"version": "1.0.7",
			"resolved": "https://registry.npmjs.org/walker/-/walker-1.0.7.tgz",
			"integrity": "sha1-L3+bj9ENZ3JisYqITijRlhjgKPs=",
			"dev": true,
			"requires": {
				"makeerror": "1.0.11"
			}
		},
		"winston": {
			"version": "2.4.0",
			"resolved": "https://registry.npmjs.org/winston/-/winston-2.4.0.tgz",
			"integrity": "sha1-gIBQuT1SZh7Z+2wms/DIJnCLCu4=",
			"dev": true,
			"requires": {
				"async": "1.0.0",
				"colors": "1.0.3",
				"cycle": "1.0.3",
				"eyes": "0.1.8",
				"isstream": "0.1.2",
				"stack-trace": "0.0.10"
			}
		},
		"wrappy": {
			"version": "1.0.2",
			"resolved": "https://registry.npmjs.org/wrappy/-/wrappy-1.0.2.tgz",
			"integrity": "sha1-tSQ9jz7BqjXxNkYFvA0QNuMKtp8="
		},
		"wrench": {
			"version": "1.3.9",
			"resolved": "https://registry.npmjs.org/wrench/-/wrench-1.3.9.tgz",
			"integrity": "sha1-bxPsNRRTF+spLKX2UxORskQRFBE=",
			"dev": true
		}
	}
}
