{
	"name": "@sugarcube/core",
	"version": "0.11.0",
	"lockfileVersion": 1,
	"requires": true,
	"dependencies": {
		"baconjs": {
			"version": "0.7.95",
			"resolved": "https://registry.npmjs.org/baconjs/-/baconjs-0.7.95.tgz",
			"integrity": "sha512-3qp0GuAfEUlJybSVPQ2oai8VYO0aSTJf4wP/jYZpgaffEXi31VBcqSlVmD8ahmXXGzgdO+yFk9onDnt2ZJJXxA=="
		},
		"dashp": {
			"version": "0.9.0",
			"resolved": "https://registry.npmjs.org/dashp/-/dashp-0.9.0.tgz",
			"integrity": "sha512-jnS1xD0C7QQC+P/aRxiwEml4mR/wLQ2lK4jhDdEdS5IP8byEbI1gPy3pwhX7J1ou18TdHRwI2kfXZUQ+47RFTg=="
		},
		"lodash": {
			"version": "4.17.4",
			"resolved": "https://registry.npmjs.org/lodash/-/lodash-4.17.4.tgz",
			"integrity": "sha1-eCA6TRwyiuHYbcpkYONptX9AVa4="
		}
	}
}
