{
	"requires": true,
	"lockfileVersion": 1,
	"dependencies": {
		"assertion-error": {
			"version": "1.0.2",
			"resolved": "https://registry.npmjs.org/assertion-error/-/assertion-error-1.0.2.tgz",
			"integrity": "sha1-E8pRXYYgbaC6xm6DTdOX2HWBCUw="
		},
		"bluebird": {
			"version": "3.5.0",
			"resolved": "https://registry.npmjs.org/bluebird/-/bluebird-3.5.0.tgz",
			"integrity": "sha1-eRQg1/VR7qKJdFOop3ZT+WYG1nw="
		},
		"bson": {
			"version": "1.0.4",
			"resolved": "https://registry.npmjs.org/bson/-/bson-1.0.4.tgz",
			"integrity": "sha1-k8ENOeqltYQVy8QFLz5T5WKwtyw="
		},
		"buffer-shims": {
			"version": "1.0.0",
			"resolved": "https://registry.npmjs.org/buffer-shims/-/buffer-shims-1.0.0.tgz",
			"integrity": "sha1-mXjOMXOIxkmth5MCjDR37wRKi1E="
		},
		"chai": {
			"version": "4.1.2",
			"resolved": "https://registry.npmjs.org/chai/-/chai-4.1.2.tgz",
			"integrity": "sha1-D2RYS6ZC8PKs4oBiefTwbKI61zw=",
			"requires": {
				"assertion-error": "1.0.2",
				"check-error": "1.0.2",
				"deep-eql": "3.0.1",
				"get-func-name": "2.0.0",
				"pathval": "1.1.0",
				"type-detect": "4.0.3"
			}
		},
		"chai-as-promised": {
			"version": "7.1.1",
			"resolved": "https://registry.npmjs.org/chai-as-promised/-/chai-as-promised-7.1.1.tgz",
			"integrity": "sha512-azL6xMoi+uxu6z4rhWQ1jbdUhOMhis2PvscD/xjLqNMkv3BPPp2JyyuTHOrf9BOosGpNQ11v6BKv/g57RXbiaA==",
			"requires": {
				"check-error": "1.0.2"
			}
		},
		"check-error": {
			"version": "1.0.2",
			"resolved": "https://registry.npmjs.org/check-error/-/check-error-1.0.2.tgz",
			"integrity": "sha1-V00xLt2Iu13YkS6Sht1sCu1KrII="
		},
		"core-util-is": {
			"version": "1.0.2",
			"resolved": "https://registry.npmjs.org/core-util-is/-/core-util-is-1.0.2.tgz",
			"integrity": "sha1-tf1UIgqivFq1eqtxQMlAdUUDwac="
		},
		"deep-eql": {
			"version": "3.0.1",
			"resolved": "https://registry.npmjs.org/deep-eql/-/deep-eql-3.0.1.tgz",
			"integrity": "sha512-+QeIQyN5ZuO+3Uk5DYh6/1eKO0m0YmJFGNmFHGACpf1ClL1nmlV/p4gNgbl2pJGxgXb4faqo6UE+M5ACEMyVcw==",
			"requires": {
				"type-detect": "4.0.3"
			}
		},
		"es6-promise": {
			"version": "3.2.1",
			"resolved": "https://registry.npmjs.org/es6-promise/-/es6-promise-3.2.1.tgz",
			"integrity": "sha1-7FYjOGgDKQkgcXDDlEjiREndH8Q="
		},
		"get-func-name": {
			"version": "2.0.0",
			"resolved": "https://registry.npmjs.org/get-func-name/-/get-func-name-2.0.0.tgz",
			"integrity": "sha1-6td0q+5y4gQJQzoGY2YCPdaIekE="
		},
		"inherits": {
			"version": "2.0.3",
			"resolved": "https://registry.npmjs.org/inherits/-/inherits-2.0.3.tgz",
			"integrity": "sha1-Yzwsg+PaQqUC9SRmAiSA9CCCYd4="
		},
		"isarray": {
			"version": "1.0.0",
			"resolved": "https://registry.npmjs.org/isarray/-/isarray-1.0.0.tgz",
			"integrity": "sha1-u5NdSFgsuhaMBoNJV6VKPgcSTxE="
		},
		"jsverify": {
			"version": "0.8.3",
			"resolved": "https://registry.npmjs.org/jsverify/-/jsverify-0.8.3.tgz",
			"integrity": "sha1-AukXjhkktar5WcAjmvhO1cbQc4w=",
			"requires": {
				"lazy-seq": "1.0.0",
				"rc4": "0.1.5",
				"trampa": "1.0.0",
				"typify-parser": "1.1.0"
			}
		},
		"lazy-seq": {
			"version": "1.0.0",
			"resolved": "https://registry.npmjs.org/lazy-seq/-/lazy-seq-1.0.0.tgz",
			"integrity": "sha1-iAy4qrJWAmOC4C9T7AiWgqdMW2o="
		},
		"lodash": {
			"version": "4.17.4",
			"resolved": "https://registry.npmjs.org/lodash/-/lodash-4.17.4.tgz",
			"integrity": "sha1-eCA6TRwyiuHYbcpkYONptX9AVa4="
		},
		"moment": {
			"version": "2.18.1",
			"resolved": "https://registry.npmjs.org/moment/-/moment-2.18.1.tgz",
			"integrity": "sha1-w2GT3Tzhwu7SrbfIAtu8d6gbHA8="
		},
		"mongodb": {
			"version": "2.2.31",
			"resolved": "https://registry.npmjs.org/mongodb/-/mongodb-2.2.31.tgz",
			"integrity": "sha1-GUBEXGYeGSF7s7+CRdmFSq71SNs=",
			"requires": {
				"es6-promise": "3.2.1",
				"mongodb-core": "2.1.15",
				"readable-stream": "2.2.7"
			}
		},
		"mongodb-core": {
			"version": "2.1.15",
			"resolved": "https://registry.npmjs.org/mongodb-core/-/mongodb-core-2.1.15.tgz",
			"integrity": "sha1-hB9TuH//9MdFgYnDXIroJ+EWl2Q=",
			"requires": {
				"bson": "1.0.4",
				"require_optional": "1.0.1"
			}
		},
		"pathval": {
			"version": "1.1.0",
			"resolved": "https://registry.npmjs.org/pathval/-/pathval-1.1.0.tgz",
			"integrity": "sha1-uULm1L3mUwBe9rcTYd74cn0GReA="
		},
		"process-nextick-args": {
			"version": "1.0.7",
			"resolved": "https://registry.npmjs.org/process-nextick-args/-/process-nextick-args-1.0.7.tgz",
			"integrity": "sha1-FQ4gt1ZZCtP5EJPyWk8q2L/zC6M="
		},
		"rc4": {
			"version": "0.1.5",
			"resolved": "https://registry.npmjs.org/rc4/-/rc4-0.1.5.tgz",
			"integrity": "sha1-CMbgSgFo9utiHCKrbLEVG9n0pk0="
		},
		"readable-stream": {
			"version": "2.2.7",
			"resolved": "https://registry.npmjs.org/readable-stream/-/readable-stream-2.2.7.tgz",
			"integrity": "sha1-BwV6y+JGeyIELTb5jFrVBwVOlbE=",
			"requires": {
				"buffer-shims": "1.0.0",
				"core-util-is": "1.0.2",
				"inherits": "2.0.3",
				"isarray": "1.0.0",
				"process-nextick-args": "1.0.7",
				"string_decoder": "1.0.3",
				"util-deprecate": "1.0.2"
			}
		},
		"require_optional": {
			"version": "1.0.1",
			"resolved": "https://registry.npmjs.org/require_optional/-/require_optional-1.0.1.tgz",
			"integrity": "sha512-qhM/y57enGWHAe3v/NcwML6a3/vfESLe/sGM2dII+gEO0BpKRUkWZow/tyloNqJyN6kXSl3RyyM8Ll5D/sJP8g==",
			"requires": {
				"resolve-from": "2.0.0",
				"semver": "5.4.1"
			}
		},
		"resolve-from": {
			"version": "2.0.0",
			"resolved": "https://registry.npmjs.org/resolve-from/-/resolve-from-2.0.0.tgz",
			"integrity": "sha1-lICrIOlP+h2egKgEx+oUdhGWa1c="
		},
		"safe-buffer": {
			"version": "5.1.1",
			"resolved": "https://registry.npmjs.org/safe-buffer/-/safe-buffer-5.1.1.tgz",
			"integrity": "sha512-kKvNJn6Mm93gAczWVJg7wH+wGYWNrDHdWvpUmHyEsgCtIwwo3bqPtV4tR5tuPaUhTOo/kvhVwd8XwwOllGYkbg=="
		},
		"semver": {
			"version": "5.4.1",
			"resolved": "https://registry.npmjs.org/semver/-/semver-5.4.1.tgz",
			"integrity": "sha512-WfG/X9+oATh81XtllIo/I8gOiY9EXRdv1cQdyykeXK17YcUW3EXUAi2To4pcH6nZtJPr7ZOpM5OMyWJZm+8Rsg=="
		},
		"source-map": {
			"version": "0.6.1",
			"resolved": "https://registry.npmjs.org/source-map/-/source-map-0.6.1.tgz",
			"integrity": "sha512-UjgapumWlbMhkBgzT7Ykc5YXUT46F0iKu8SGXq0bcwP5dz/h0Plj6enJqjz1Zbq2l5WaqYnrVbwWOWMyF3F47g=="
		},
		"source-map-support": {
			"version": "0.5.0",
			"resolved": "https://registry.npmjs.org/source-map-support/-/source-map-support-0.5.0.tgz",
			"integrity": "sha512-vUoN3I7fHQe0R/SJLKRdKYuEdRGogsviXFkHHo17AWaTGv17VLnxw+CFXvqy+y4ORZ3doWLQcxRYfwKrsd/H7Q==",
			"requires": {
				"source-map": "0.6.1"
			}
		},
		"string_decoder": {
			"version": "1.0.3",
			"resolved": "https://registry.npmjs.org/string_decoder/-/string_decoder-1.0.3.tgz",
			"integrity": "sha512-4AH6Z5fzNNBcH+6XDMfA/BTt87skxqJlO0lAh3Dker5zThcAxG6mKz+iGu308UKoPPQ8Dcqx/4JhujzltRa+hQ==",
			"requires": {
				"safe-buffer": "5.1.1"
			}
		},
		"trampa": {
			"version": "1.0.0",
			"resolved": "https://registry.npmjs.org/trampa/-/trampa-1.0.0.tgz",
			"integrity": "sha1-Ukc0esM0gH+mwAAERMuRtjmECtU="
		},
		"type-detect": {
			"version": "4.0.3",
			"resolved": "https://registry.npmjs.org/type-detect/-/type-detect-4.0.3.tgz",
			"integrity": "sha1-Dj8mcLRAmbC0bChNE2p+9Jx0wuo="
		},
		"typify-parser": {
			"version": "1.1.0",
			"resolved": "https://registry.npmjs.org/typify-parser/-/typify-parser-1.1.0.tgz",
			"integrity": "sha1-rHO/pfJTQ0aOLQ8zRsYRe8A9PJk="
		},
		"util-deprecate": {
			"version": "1.0.2",
			"resolved": "https://registry.npmjs.org/util-deprecate/-/util-deprecate-1.0.2.tgz",
			"integrity": "sha1-RQ1Nyfpw3nMnYvvS1KKJgUGaDM8="
		}
	}
}
